# This file was autogenerated by Stack.
# You should not edit this file by hand.
# For more information, please see the documentation at:
#   https://docs.haskellstack.org/en/stable/topics/lock_files

packages:
- completed:
    hackage: union-0.1.2@sha256:04e5fe3a3a2b1235cf5d2fc193e6d6d2624ee762d7b2145fce975afbc8c40686,2134
    pantry-tree:
      sha256: 4b313bcf19a558f0e2f915aa4b37c22623db89ae34d5441d1041fff4a148d2cd
      size: 330
  original:
    hackage: union-0.1.2
snapshots:
- completed:
    sha256: 238fa745b64f91184f9aa518fe04bdde6552533d169b0da5256670df83a0f1a9
    size: 721141
    url: https://raw.githubusercontent.com/commercialhaskell/stackage-snapshots/master/lts/22/44.yaml
  original: lts-22.44
