# This file was autogenerated by Stack.
# You should not edit this file by hand.
# For more information, please see the documentation at:
#   https://docs.haskellstack.org/en/stable/topics/lock_files

packages:
- completed:
    hackage: union-0.1.2@sha256:04e5fe3a3a2b1235cf5d2fc193e6d6d2624ee762d7b2145fce975afbc8c40686,2134
    pantry-tree:
      sha256: 4b313bcf19a558f0e2f915aa4b37c22623db89ae34d5441d1041fff4a148d2cd
      size: 330
  original:
    hackage: union-0.1.2
- completed:
    hackage: sbv-10.12@sha256:b4642dfef053e15ad3628ea517298ba4afd6f3f994bd0d6021ea6e647bf49383,24547
    pantry-tree:
      sha256: 1d061bfb8d77ee81316c05e0091b0cb3982946b7ea2b8f32d814256a762eb774
      size: 72702
  original:
    hackage: sbv-10.12
snapshots:
- completed:
    sha256: 069c8189232279d04bd107557d3a62132c04ae5ce3c710649e6b40f67f10b9d5
    size: 684285
    url: https://raw.githubusercontent.com/commercialhaskell/stackage-snapshots/master/lts/23/27.yaml
  original: lts-23.27
